// !$*UTF8*$!
{
	archiveVersion = 1;
	classes = {
	};
	objectVersion = 50;
	objects = {

/* Begin PBXBuildFile section */
		FBB0DDAF220FC31B00512D34 /* AppDelegate.swift in Sources */ = {isa = PBXBuildFile; fileRef = FBB0DDAE220FC31B00512D34 /* AppDelegate.swift */; };
		FBB0DDB1220FC31B00512D34 /* ViewController.swift in Sources */ = {isa = PBXBuildFile; fileRef = FBB0DDB0220FC31B00512D34 /* ViewController.swift */; };
		FBB0DDB4220FC31B00512D34 /* Main.storyboard in Resources */ = {isa = PBXBuildFile; fileRef = FBB0DDB2220FC31B00512D34 /* Main.storyboard */; };
		FBB0DDB6220FC31C00512D34 /* Assets.xcassets in Resources */ = {isa = PBXBuildFile; fileRef = FBB0DDB5220FC31C00512D34 /* Assets.xcassets */; };
		FBB0DDB9220FC31C00512D34 /* LaunchScreen.storyboard in Resources */ = {isa = PBXBuildFile; fileRef = FBB0DDB7220FC31C00512D34 /* LaunchScreen.storyboard */; };
		FBB0DDC1220FC40200512D34 /* Filme.swift in Sources */ = {isa = PBXBuildFile; fileRef = FBB0DDC0220FC40200512D34 /* Filme.swift */; };
/* End PBXBuildFile section */

/* Begin PBXFileReference section */
		FBB0DDAB220FC31B00512D34 /* meusfilmes.app */ = {isa = PBXFileReference; explicitFileType = wrapper.application; includeInIndex = 0; path = meusfilmes.app; sourceTree = BUILT_PRODUCTS_DIR; };
		FBB0DDAE220FC31B00512D34 /* AppDelegate.swift */ = {isa = PBXFileReference; lastKnownFileType = sourcecode.swift; path = AppDelegate.swift; sourceTree = "<group>"; };
		FBB0DDB0220FC31B00512D34 /* ViewController.swift */ = {isa = PBXFileReference; lastKnownFileType = sourcecode.swift; path = ViewController.swift; sourceTree = "<group>"; };
		FBB0DDB3220FC31B00512D34 /* Base */ = {isa = PBXFileReference; lastKnownFileType = file.storyboard; name = Base; path = Base.lproj/Main.storyboard; sourceTree = "<group>"; };
		FBB0DDB5220FC31C00512D34 /* Assets.xcassets */ = {isa = PBXFileReference; lastKnownFileType = folder.assetcatalog; path = Assets.xcassets; sourceTree = "<group>"; };
		FBB0DDB8220FC31C00512D34 /* Base */ = {isa = PBXFileReference; lastKnownFileType = file.storyboard; name = Base; path = Base.lproj/LaunchScreen.storyboard; sourceTree = "<group>"; };
		FBB0DDBA220FC31C00512D34 /* Info.plist */ = {isa = PBXFileReference; lastKnownFileType = text.plist.xml; path = Info.plist; sourceTree = "<group>"; };
		FBB0DDC0220FC40200512D34 /* Filme.swift */ = {isa = PBXFileReference; lastKnownFileType = sourcecode.swift; path = Filme.swift; sourceTree = "<group>"; };
/* End PBXFileReference section */

/* Begin PBXFrameworksBuildPhase section */
		FBB0DDA8220FC31B00512D34 /* Frameworks */ = {
			isa = PBXFrameworksBuildPhase;
			buildActionMask = 2147483647;
			files = (
			);
			runOnlyForDeploymentPostprocessing = 0;
		};
/* End PBXFrameworksBuildPhase section */

/* Begin PBXGroup section */
		FBB0DDA2220FC31A00512D34 = {
			isa = PBXGroup;
			children = (
				FBB0DDAD220FC31B00512D34 /* meusfilmes */,
				FBB0DDAC220FC31B00512D34 /* Products */,
			);
			sourceTree = "<group>";
		};
		FBB0DDAC220FC31B00512D34 /* Products */ = {
			isa = PBXGroup;
			children = (
				FBB0DDAB220FC31B00512D34 /* meusfilmes.app */,
			);
			name = Products;
			sourceTree = "<group>";
		};
		FBB0DDAD220FC31B00512D34 /* meusfilmes */ = {
			isa = PBXGroup;
			children = (
				FBB0DDAE220FC31B00512D34 /* AppDelegate.swift */,
				FBB0DDB0220FC31B00512D34 /* ViewController.swift */,
				FBB0DDB2220FC31B00512D34 /* Main.storyboard */,
				FBB0DDB5220FC31C00512D34 /* Assets.xcassets */,
				FBB0DDB7220FC31C00512D34 /* LaunchScreen.storyboard */,
				FBB0DDBA220FC31C00512D34 /* Info.plist */,
				FBB0DDC0220FC40200512D34 /* Filme.swift */,
			);
			path = meusfilmes;
			sourceTree = "<group>";
		};
/* End PBXGroup section */

/* Begin PBXNativeTarget section */
		FBB0DDAA220FC31B00512D34 /* meusfilmes */ = {
			isa = PBXNativeTarget;
			buildConfigurationList = FBB0DDBD220FC31C00512D34 /* Build configuration list for PBXNativeTarget "meusfilmes" */;
			buildPhases = (
				FBB0DDA7220FC31B00512D34 /* Sources */,
				FBB0DDA8220FC31B00512D34 /* Frameworks */,
				FBB0DDA9220FC31B00512D34 /* Resources */,
			);
			buildRules = (
			);
			dependencies = (
			);
			name = meusfilmes;
			productName = meusfilmes;
			productReference = FBB0DDAB220FC31B00512D34 /* meusfilmes.app */;
			productType = "com.apple.product-type.application";
		};
/* End PBXNativeTarget section */

/* Begin PBXProject section */
		FBB0DDA3220FC31A00512D34 /* Project object */ = {
			isa = PBXProject;
			attributes = {
				LastSwiftUpdateCheck = 1010;
				LastUpgradeCheck = 1010;
				ORGANIZATIONNAME = "Allef Sousa Santos";
				TargetAttributes = {
					FBB0DDAA220FC31B00512D34 = {
						CreatedOnToolsVersion = 10.1;
					};
				};
			};
			buildConfigurationList = FBB0DDA6220FC31A00512D34 /* Build configuration list for PBXProject "meusfilmes" */;
			compatibilityVersion = "Xcode 9.3";
			developmentRegion = en;
			hasScannedForEncodings = 0;
			knownRegions = (
				en,
				Base,
			);
			mainGroup = FBB0DDA2220FC31A00512D34;
			productRefGroup = FBB0DDAC220FC31B00512D34 /* Products */;
			projectDirPath = "";
			projectRoot = "";
			targets = (
				FBB0DDAA220FC31B00512D34 /* meusfilmes */,
			);
		};
/* End PBXProject section */

/* Begin PBXResourcesBuildPhase section */
		FBB0DDA9220FC31B00512D34 /* Resources */ = {
			isa = PBXResourcesBuildPhase;
			buildActionMask = 2147483647;
			files = (
				FBB0DDB9220FC31C00512D34 /* LaunchScreen.storyboard in Resources */,
				FBB0DDB6220FC31C00512D34 /* Assets.xcassets in Resources */,
				FBB0DDB4220FC31B00512D34 /* Main.storyboard in Resources */,
			);
			runOnlyForDeploymentPostprocessing = 0;
		};
/* End PBXResourcesBuildPhase section */

/* Begin PBXSourcesBuildPhase section */
		FBB0DDA7220FC31B00512D34 /* Sources */ = {
			isa = PBXSourcesBuildPhase;
			buildActionMask = 2147483647;
			files = (
				FBB0DDB1220FC31B00512D34 /* ViewController.swift in Sources */,
				FBB0DDC1220FC40200512D34 /* Filme.swift in Sources */,
				FBB0DDAF220FC31B00512D34 /* AppDelegate.swift in Sources */,
			);
			runOnlyForDeploymentPostprocessing = 0;
		};
/* End PBXSourcesBuildPhase section */

/* Begin PBXVariantGroup section */
		FBB0DDB2220FC31B00512D34 /* Main.storyboard */ = {
			isa = PBXVariantGroup;
			children = (
				FBB0DDB3220FC31B00512D34 /* Base */,
			);
			name = Main.storyboard;
			sourceTree = "<group>";
		};
		FBB0DDB7220FC31C00512D34 /* LaunchScreen.storyboard */ = {
			isa = PBXVariantGroup;
			children = (
				FBB0DDB8220FC31C00512D34 /* Base */,
			);
			name = LaunchScreen.storyboard;
			sourceTree = "<group>";
		};
/* End PBXVariantGroup section */

/* Begin XCBuildConfiguration section */
		FBB0DDBB220FC31C00512D34 /* Debug */ = {
			isa = XCBuildConfiguration;
			buildSettings = {
				ALWAYS_SEARCH_USER_PATHS = NO;
				CLANG_ANALYZER_NONNULL = YES;
				CLANG_ANALYZER_NUMBER_OBJECT_CONVERSION = YES_AGGRESSIVE;
				CLANG_CXX_LANGUAGE_STANDARD = "gnu++14";
				CLANG_CXX_LIBRARY = "libc++";
				CLANG_ENABLE_MODULES = YES;
				CLANG_ENABLE_OBJC_ARC = YES;
				CLANG_ENABLE_OBJC_WEAK = YES;
				CLANG_WARN_BLOCK_CAPTURE_AUTORELEASING = YES;
				CLANG_WARN_BOOL_CONVERSION = YES;
				CLANG_WARN_COMMA = YES;
				CLANG_WARN_CONSTANT_CONVERSION = YES;
				CLANG_WARN_DEPRECATED_OBJC_IMPLEMENTATIONS = YES;
				CLANG_WARN_DIRECT_OBJC_ISA_USAGE = YES_ERROR;
				CLANG_WARN_DOCUMENTATION_COMMENTS = YES;
				CLANG_WARN_EMPTY_BODY = YES;
				CLANG_WARN_ENUM_CONVERSION = YES;
				CLANG_WARN_INFINITE_RECURSION = YES;
				CLANG_WARN_INT_CONVERSION = YES;
				CLANG_WARN_NON_LITERAL_NULL_CONVERSION = YES;
				CLANG_WARN_OBJC_IMPLICIT_RETAIN_SELF = YES;
				CLANG_WARN_OBJC_LITERAL_CONVERSION = YES;
				CLANG_WARN_OBJC_ROOT_CLASS = YES_ERROR;
				CLANG_WARN_RANGE_LOOP_ANALYSIS = YES;
				CLANG_WARN_STRICT_PROTOTYPES = YES;
				CLANG_WARN_SUSPICIOUS_MOVE = YES;
				CLANG_WARN_UNGUARDED_AVAILABILITY = YES_AGGRESSIVE;
				CLANG_WARN_UNREACHABLE_CODE = YES;
				CLANG_WARN__DUPLICATE_METHOD_MATCH = YES;
				CODE_SIGN_IDENTITY = "iPhone Developer";
				COPY_PHASE_STRIP = NO;
				DEBUG_INFORMATION_FORMAT = dwarf;
				ENABLE_STRICT_OBJC_MSGSEND = YES;
				ENABLE_TESTABILITY = YES;
				GCC_C_LANGUAGE_STANDARD = gnu11;
				GCC_DYNAMIC_NO_PIC = NO;
				GCC_NO_COMMON_BLOCKS = YES;
				GCC_OPTIMIZATION_LEVEL = 0;
				GCC_PREPROCESSOR_DEFINITIONS = (
					"DEBUG=1",
					"$(inherited)",
				);
				GCC_WARN_64_TO_32_BIT_CONVERSION = YES;
				GCC_WARN_ABOUT_RETURN_TYPE = YES_ERROR;
				GCC_WARN_UNDECLARED_SELECTOR = YES;
				GCC_WARN_UNINITIALIZED_AUTOS = YES_AGGRESSIVE;
				GCC_WARN_UNUSED_FUNCTION = YES;
				GCC_WARN_UNUSED_VARIABLE = YES;
				IPHONEOS_DEPLOYMENT_TARGET = 12.1;
				MTL_ENABLE_DEBUG_INFO = INCLUDE_SOURCE;
				MTL_FAST_MATH = YES;
				ONLY_ACTIVE_ARCH = YES;
				SDKROOT = iphoneos;
				SWIFT_ACTIVE_COMPILATION_CONDITIONS = DEBUG;
				SWIFT_OPTIMIZATION_LEVEL = "-Onone";
			};
			name = Debug;
		};
		FBB0DDBC220FC31C00512D34 /* Release */ = {
			isa = XCBuildConfiguration;
			buildSettings = {
				ALWAYS_SEARCH_USER_PATHS = NO;
				CLANG_ANALYZER_NONNULL = YES;
				CLANG_ANALYZER_NUMBER_OBJECT_CONVERSION = YES_AGGRESSIVE;
				CLANG_CXX_LANGUAGE_STANDARD = "gnu++14";
				CLANG_CXX_LIBRARY = "libc++";
				CLANG_ENABLE_MODULES = YES;
				CLANG_ENABLE_OBJC_ARC = YES;
				CLANG_ENABLE_OBJC_WEAK = YES;
				CLANG_WARN_BLOCK_CAPTURE_AUTORELEASING = YES;
				CLANG_WARN_BOOL_CONVERSION = YES;
				CLANG_WARN_COMMA = YES;
				CLANG_WARN_CONSTANT_CONVERSION = YES;
				CLANG_WARN_DEPRECATED_OBJC_IMPLEMENTATIONS = YES;
				CLANG_WARN_DIRECT_OBJC_ISA_USAGE = YES_ERROR;
				CLANG_WARN_DOCUMENTATION_COMMENTS = YES;
				CLANG_WARN_EMPTY_BODY = YES;
				CLANG_WARN_ENUM_CONVERSION = YES;
				CLANG_WARN_INFINITE_RECURSION = YES;
				CLANG_WARN_INT_CONVERSION = YES;
				CLANG_WARN_NON_LITERAL_NULL_CONVERSION = YES;
				CLANG_WARN_OBJC_IMPLICIT_RETAIN_SELF = YES;
				CLANG_WARN_OBJC_LITERAL_CONVERSION = YES;
				CLANG_WARN_OBJC_ROOT_CLASS = YES_ERROR;
				CLANG_WARN_RANGE_LOOP_ANALYSIS = YES;
				CLANG_WARN_STRICT_PROTOTYPES = YES;
				CLANG_WARN_SUSPICIOUS_MOVE = YES;
				CLANG_WARN_UNGUARDED_AVAILABILITY = YES_AGGRESSIVE;
				CLANG_WARN_UNREACHABLE_CODE = YES;
				CLANG_WARN__DUPLICATE_METHOD_MATCH = YES;
				CODE_SIGN_IDENTITY = "iPhone Developer";
				COPY_PHASE_STRIP = NO;
				DEBUG_INFORMATION_FORMAT = "dwarf-with-dsym";
				ENABLE_NS_ASSERTIONS = NO;
				ENABLE_STRICT_OBJC_MSGSEND = YES;
				GCC_C_LANGUAGE_STANDARD = gnu11;
				GCC_NO_COMMON_BLOCKS = YES;
				GCC_WARN_64_TO_32_BIT_CONVERSION = YES;
				GCC_WARN_ABOUT_RETURN_TYPE = YES_ERROR;
				GCC_WARN_UNDECLARED_SELECTOR = YES;
				GCC_WARN_UNINITIALIZED_AUTOS = YES_AGGRESSIVE;
				GCC_WARN_UNUSED_FUNCTION = YES;
				GCC_WARN_UNUSED_VARIABLE = YES;
				IPHONEOS_DEPLOYMENT_TARGET = 12.1;
				MTL_ENABLE_DEBUG_INFO = NO;
				MTL_FAST_MATH = YES;
				SDKROOT = iphoneos;
				SWIFT_COMPILATION_MODE = wholemodule;
				SWIFT_OPTIMIZATION_LEVEL = "-O";
				VALIDATE_PRODUCT = YES;
			};
			name = Release;
		};
		FBB0DDBE220FC31C00512D34 /* Debug */ = {
			isa = XCBuildConfiguration;
			buildSettings = {
				ASSETCATALOG_COMPILER_APPICON_NAME = AppIcon;
				CODE_SIGN_STYLE = Automatic;
				DEVELOPMENT_TEAM = 56UQS5C7SL;
				INFOPLIST_FILE = meusfilmes/Info.plist;
				LD_RUNPATH_SEARCH_PATHS = (
					"$(inherited)",
					"@executable_path/Frameworks",
				);
				PRODUCT_BUNDLE_IDENTIFIER = com.developer.allef.meusfilmes;
				PRODUCT_NAME = "$(TARGET_NAME)";
				SWIFT_VERSION = 4.2;
				TARGETED_DEVICE_FAMILY = "1,2";
			};
			name = Debug;
		};
		FBB0DDBF220FC31C00512D34 /* Release */ = {
			isa = XCBuildConfiguration;
			buildSettings = {
				ASSETCATALOG_COMPILER_APPICON_NAME = AppIcon;
				CODE_SIGN_STYLE = Automatic;
				DEVELOPMENT_TEAM = 56UQS5C7SL;
				INFOPLIST_FILE = meusfilmes/Info.plist;
				LD_RUNPATH_SEARCH_PATHS = (
					"$(inherited)",
					"@executable_path/Frameworks",
				);
				PRODUCT_BUNDLE_IDENTIFIER = com.developer.allef.meusfilmes;
				PRODUCT_NAME = "$(TARGET_NAME)";
				SWIFT_VERSION = 4.2;
				TARGETED_DEVICE_FAMILY = "1,2";
			};
			name = Release;
		};
/* End XCBuildConfiguration section */

/* Begin XCConfigurationList section */
		FBB0DDA6220FC31A00512D34 /* Build configuration list for PBXProject "meusfilmes" */ = {
			isa = XCConfigurationList;
			buildConfigurations = (
				FBB0DDBB220FC31C00512D34 /* Debug */,
				FBB0DDBC220FC31C00512D34 /* Release */,
			);
			defaultConfigurationIsVisible = 0;
			defaultConfigurationName = Release;
		};
		FBB0DDBD220FC31C00512D34 /* Build configuration list for PBXNativeTarget "meusfilmes" */ = {
			isa = XCConfigurationList;
			buildConfigurations = (
				FBB0DDBE220FC31C00512D34 /* Debug */,
				FBB0DDBF220FC31C00512D34 /* Release */,
			);
			defaultConfigurationIsVisible = 0;
			defaultConfigurationName = Release;
		};
/* End XCConfigurationList section */
	};
	rootObject = FBB0DDA3220FC31A00512D34 /* Project object */;
}
